
Microsoft Visual Studio Solution File, Format Version 12.00
# Visual Studio Version 16
VisualStudioVersion = 16.0.33920.266
MinimumVisualStudioVersion = 10.0.40219.1
Project("{8BC9CEB8-8B4A-11D0-8D11-00A0C91BC942}") = "11", "11\11.vcxproj", "{971FA343-DE99-4C64-8315-8536944EA2A2}"
EndProject
Global
	GlobalSection(SolutionConfigurationPlatforms) = preSolution
		Debug|x64 = Debug|x64
		Debug|x86 = Debug|x86
		Release|x64 = Release|x64
		Release|x86 = Release|x86
	EndGlobalSection
	GlobalSection(ProjectConfigurationPlatforms) = postSolution
		{971FA343-DE99-4C64-8315-8536944EA2A2}.Debug|x64.ActiveCfg = Debug|x64
		{971FA343-DE99-4C64-8315-8536944EA2A2}.Debug|x64.Build.0 = Debug|x64
		{971FA343-DE99-4C64-8315-8536944EA2A2}.Debug|x86.ActiveCfg = Debug|Win32
		{971FA343-DE99-4C64-8315-8536944EA2A2}.Debug|x86.Build.0 = Debug|Win32
		{971FA343-DE99-4C64-8315-8536944EA2A2}.Release|x64.ActiveCfg = Release|x64
		{971FA343-DE99-4C64-8315-8536944EA2A2}.Release|x64.Build.0 = Release|x64
		{971FA343-DE99-4C64-8315-8536944EA2A2}.Release|x86.ActiveCfg = Release|Win32
		{971FA343-DE99-4C64-8315-8536944EA2A2}.Release|x86.Build.0 = Release|Win32
	EndGlobalSection
	GlobalSection(SolutionProperties) = preSolution
		HideSolutionNode = FALSE
	EndGlobalSection
	GlobalSection(ExtensibilityGlobals) = postSolution
		SolutionGuid = {66365766-5643-4D31-8214-5C7B9CDA1198}
	EndGlobalSection
EndGlobal
