
Microsoft Visual Studio Solution File, Format Version 12.00
# Visual Studio Version 16
VisualStudioVersion = 16.0.33920.266
MinimumVisualStudioVersion = 10.0.40219.1
Project("{8BC9CEB8-8B4A-11D0-8D11-00A0C91BC942}") = "73_11505", "73_11505\73_11505.vcxproj", "{1D06CE65-187F-465B-A7A8-41E024BC733B}"
EndProject
Global
	GlobalSection(SolutionConfigurationPlatforms) = preSolution
		Debug|x64 = Debug|x64
		Debug|x86 = Debug|x86
		Release|x64 = Release|x64
		Release|x86 = Release|x86
	EndGlobalSection
	GlobalSection(ProjectConfigurationPlatforms) = postSolution
		{1D06CE65-187F-465B-A7A8-41E024BC733B}.Debug|x64.ActiveCfg = Debug|x64
		{1D06CE65-187F-465B-A7A8-41E024BC733B}.Debug|x64.Build.0 = Debug|x64
		{1D06CE65-187F-465B-A7A8-41E024BC733B}.Debug|x86.ActiveCfg = Debug|Win32
		{1D06CE65-187F-465B-A7A8-41E024BC733B}.Debug|x86.Build.0 = Debug|Win32
		{1D06CE65-187F-465B-A7A8-41E024BC733B}.Release|x64.ActiveCfg = Release|x64
		{1D06CE65-187F-465B-A7A8-41E024BC733B}.Release|x64.Build.0 = Release|x64
		{1D06CE65-187F-465B-A7A8-41E024BC733B}.Release|x86.ActiveCfg = Release|Win32
		{1D06CE65-187F-465B-A7A8-41E024BC733B}.Release|x86.Build.0 = Release|Win32
	EndGlobalSection
	GlobalSection(SolutionProperties) = preSolution
		HideSolutionNode = FALSE
	EndGlobalSection
	GlobalSection(ExtensibilityGlobals) = postSolution
		SolutionGuid = {E1C9E00A-0855-4B32-B367-3F5110CA8F8D}
	EndGlobalSection
EndGlobal
