
Microsoft Visual Studio Solution File, Format Version 12.00
# Visual Studio Version 16
VisualStudioVersion = 16.0.33920.266
MinimumVisualStudioVersion = 10.0.40219.1
Project("{8BC9CEB8-8B4A-11D0-8D11-00A0C91BC942}") = "70_1991", "70_1991\70_1991.vcxproj", "{64ECA595-D669-46C5-8FC8-721764FD54A9}"
EndProject
Global
	GlobalSection(SolutionConfigurationPlatforms) = preSolution
		Debug|x64 = Debug|x64
		Debug|x86 = Debug|x86
		Release|x64 = Release|x64
		Release|x86 = Release|x86
	EndGlobalSection
	GlobalSection(ProjectConfigurationPlatforms) = postSolution
		{64ECA595-D669-46C5-8FC8-721764FD54A9}.Debug|x64.ActiveCfg = Debug|x64
		{64ECA595-D669-46C5-8FC8-721764FD54A9}.Debug|x64.Build.0 = Debug|x64
		{64ECA595-D669-46C5-8FC8-721764FD54A9}.Debug|x86.ActiveCfg = Debug|Win32
		{64ECA595-D669-46C5-8FC8-721764FD54A9}.Debug|x86.Build.0 = Debug|Win32
		{64ECA595-D669-46C5-8FC8-721764FD54A9}.Release|x64.ActiveCfg = Release|x64
		{64ECA595-D669-46C5-8FC8-721764FD54A9}.Release|x64.Build.0 = Release|x64
		{64ECA595-D669-46C5-8FC8-721764FD54A9}.Release|x86.ActiveCfg = Release|Win32
		{64ECA595-D669-46C5-8FC8-721764FD54A9}.Release|x86.Build.0 = Release|Win32
	EndGlobalSection
	GlobalSection(SolutionProperties) = preSolution
		HideSolutionNode = FALSE
	EndGlobalSection
	GlobalSection(ExtensibilityGlobals) = postSolution
		SolutionGuid = {90168890-3C99-400E-A255-8F2EB42AA1F8}
	EndGlobalSection
EndGlobal
