
Microsoft Visual Studio Solution File, Format Version 12.00
# Visual Studio Version 16
VisualStudioVersion = 16.0.33920.266
MinimumVisualStudioVersion = 10.0.40219.1
Project("{8BC9CEB8-8B4A-11D0-8D11-00A0C91BC942}") = "34_1744", "34_1744\34_1744.vcxproj", "{4C961635-C46E-41F6-A2C6-628826E749B0}"
EndProject
Global
	GlobalSection(SolutionConfigurationPlatforms) = preSolution
		Debug|x64 = Debug|x64
		Debug|x86 = Debug|x86
		Release|x64 = Release|x64
		Release|x86 = Release|x86
	EndGlobalSection
	GlobalSection(ProjectConfigurationPlatforms) = postSolution
		{4C961635-C46E-41F6-A2C6-628826E749B0}.Debug|x64.ActiveCfg = Debug|x64
		{4C961635-C46E-41F6-A2C6-628826E749B0}.Debug|x64.Build.0 = Debug|x64
		{4C961635-C46E-41F6-A2C6-628826E749B0}.Debug|x86.ActiveCfg = Debug|Win32
		{4C961635-C46E-41F6-A2C6-628826E749B0}.Debug|x86.Build.0 = Debug|Win32
		{4C961635-C46E-41F6-A2C6-628826E749B0}.Release|x64.ActiveCfg = Release|x64
		{4C961635-C46E-41F6-A2C6-628826E749B0}.Release|x64.Build.0 = Release|x64
		{4C961635-C46E-41F6-A2C6-628826E749B0}.Release|x86.ActiveCfg = Release|Win32
		{4C961635-C46E-41F6-A2C6-628826E749B0}.Release|x86.Build.0 = Release|Win32
	EndGlobalSection
	GlobalSection(SolutionProperties) = preSolution
		HideSolutionNode = FALSE
	EndGlobalSection
	GlobalSection(ExtensibilityGlobals) = postSolution
		SolutionGuid = {C7505771-2751-43A2-ACD2-4BE08EF0B978}
	EndGlobalSection
EndGlobal
